
Microsoft Visual Studio Solution File, Format Version 12.00
# Visual Studio Version 17
VisualStudioVersion = 17.1.32421.90
MinimumVisualStudioVersion = 10.0.40219.1
Project("{FAE04EC0-301F-11D3-BF4B-00C04F79EFBC}") = "MediaNota2", "MediaNota2\MediaNota2.csproj", "{B1A014A2-52A9-45E0-8409-56FE43DD7B7B}"
EndProject
Global
	GlobalSection(SolutionConfigurationPlatforms) = preSolution
		Debug|Any CPU = Debug|Any CPU
		Release|Any CPU = Release|Any CPU
	EndGlobalSection
	GlobalSection(ProjectConfigurationPlatforms) = postSolution
		{B1A014A2-52A9-45E0-8409-56FE43DD7B7B}.Debug|Any CPU.ActiveCfg = Debug|Any CPU
		{B1A014A2-52A9-45E0-8409-56FE43DD7B7B}.Debug|Any CPU.Build.0 = Debug|Any CPU
		{B1A014A2-52A9-45E0-8409-56FE43DD7B7B}.Release|Any CPU.ActiveCfg = Release|Any CPU
		{B1A014A2-52A9-45E0-8409-56FE43DD7B7B}.Release|Any CPU.Build.0 = Release|Any CPU
	EndGlobalSection
	GlobalSection(SolutionProperties) = preSolution
		HideSolutionNode = FALSE
	EndGlobalSection
	GlobalSection(ExtensibilityGlobals) = postSolution
		SolutionGuid = {948A6266-A18E-47C0-98FC-21373EDD961A}
	EndGlobalSection
EndGlobal
